
Microsoft Visual Studio Solution File, Format Version 12.00
# Visual Studio Version 16
VisualStudioVersion = 16.0.30413.136
MinimumVisualStudioVersion = 10.0.40219.1
Project("{FAE04EC0-301F-11D3-BF4B-00C04F79EFBC}") = "SkpDbLib", "SkpDbLib\SkpDbLib.csproj", "{D949DFAF-4D0A-432B-B631-74AE4EA40A79}"
EndProject
Project("{FAE04EC0-301F-11D3-BF4B-00C04F79EFBC}") = "LibTest", "LibTest\LibTest.csproj", "{7001C0E5-9EF0-4C7A-8CB7-CF7A0153EF94}"
EndProject
Global
	GlobalSection(SolutionConfigurationPlatforms) = preSolution
		Debug|Any CPU = Debug|Any CPU
		Release|Any CPU = Release|Any CPU
	EndGlobalSection
	GlobalSection(ProjectConfigurationPlatforms) = postSolution
		{D949DFAF-4D0A-432B-B631-74AE4EA40A79}.Debug|Any CPU.ActiveCfg = Debug|Any CPU
		{D949DFAF-4D0A-432B-B631-74AE4EA40A79}.Debug|Any CPU.Build.0 = Debug|Any CPU
		{D949DFAF-4D0A-432B-B631-74AE4EA40A79}.Release|Any CPU.ActiveCfg = Release|Any CPU
		{D949DFAF-4D0A-432B-B631-74AE4EA40A79}.Release|Any CPU.Build.0 = Release|Any CPU
		{7001C0E5-9EF0-4C7A-8CB7-CF7A0153EF94}.Debug|Any CPU.ActiveCfg = Debug|Any CPU
		{7001C0E5-9EF0-4C7A-8CB7-CF7A0153EF94}.Debug|Any CPU.Build.0 = Debug|Any CPU
		{7001C0E5-9EF0-4C7A-8CB7-CF7A0153EF94}.Release|Any CPU.ActiveCfg = Release|Any CPU
		{7001C0E5-9EF0-4C7A-8CB7-CF7A0153EF94}.Release|Any CPU.Build.0 = Release|Any CPU
	EndGlobalSection
	GlobalSection(SolutionProperties) = preSolution
		HideSolutionNode = FALSE
	EndGlobalSection
	GlobalSection(ExtensibilityGlobals) = postSolution
		SolutionGuid = {DEF92A3C-3561-493C-A0F2-0ACE64B411CD}
	EndGlobalSection
EndGlobal
